
Microsoft Visual Studio Solution File, Format Version 12.00
# Visual Studio Version 16
VisualStudioVersion = 16.0.30309.148
MinimumVisualStudioVersion = 10.0.40219.1
Project("{FAE04EC0-301F-11D3-BF4B-00C04F79EFBC}") = "soap", "soap.csproj", "{9EA86B81-CE28-41DB-A4AD-311DCB158F51}"
EndProject
Global
	GlobalSection(SolutionConfigurationPlatforms) = preSolution
		Debug|Any CPU = Debug|Any CPU
		Release|Any CPU = Release|Any CPU
	EndGlobalSection
	GlobalSection(ProjectConfigurationPlatforms) = postSolution
		{9EA86B81-CE28-41DB-A4AD-311DCB158F51}.Debug|Any CPU.ActiveCfg = Debug|Any CPU
		{9EA86B81-CE28-41DB-A4AD-311DCB158F51}.Debug|Any CPU.Build.0 = Debug|Any CPU
		{9EA86B81-CE28-41DB-A4AD-311DCB158F51}.Release|Any CPU.ActiveCfg = Release|Any CPU
		{9EA86B81-CE28-41DB-A4AD-311DCB158F51}.Release|Any CPU.Build.0 = Release|Any CPU
	EndGlobalSection
	GlobalSection(SolutionProperties) = preSolution
		HideSolutionNode = FALSE
	EndGlobalSection
	GlobalSection(ExtensibilityGlobals) = postSolution
		SolutionGuid = {3A73D077-C9B3-4DC2-931D-E69748E56456}
	EndGlobalSection
EndGlobal
